
Microsoft Visual Studio Solution File, Format Version 12.00
# Visual Studio 15
VisualStudioVersion = 15.0.27130.2027
MinimumVisualStudioVersion = 10.0.40219.1
Project("{FAE04EC0-301F-11D3-BF4B-00C04F79EFBC}") = "Blocknote_IList", "Blocknote_IList\Blocknote_IList.csproj", "{6701A715-71F7-4E96-8D66-5528C21BF464}"
EndProject
Global
	GlobalSection(SolutionConfigurationPlatforms) = preSolution
		Debug|Any CPU = Debug|Any CPU
		Release|Any CPU = Release|Any CPU
	EndGlobalSection
	GlobalSection(ProjectConfigurationPlatforms) = postSolution
		{6701A715-71F7-4E96-8D66-5528C21BF464}.Debug|Any CPU.ActiveCfg = Debug|Any CPU
		{6701A715-71F7-4E96-8D66-5528C21BF464}.Debug|Any CPU.Build.0 = Debug|Any CPU
		{6701A715-71F7-4E96-8D66-5528C21BF464}.Release|Any CPU.ActiveCfg = Release|Any CPU
		{6701A715-71F7-4E96-8D66-5528C21BF464}.Release|Any CPU.Build.0 = Release|Any CPU
	EndGlobalSection
	GlobalSection(SolutionProperties) = preSolution
		HideSolutionNode = FALSE
	EndGlobalSection
	GlobalSection(ExtensibilityGlobals) = postSolution
		SolutionGuid = {AE8B5BBC-2308-4D22-AA25-9A1511F12D6F}
	EndGlobalSection
EndGlobal
